{
  "lockfile_version": "1",
  "packages": {
    "direnv@latest": {
      "last_modified": "2025-06-20T02:24:11Z",
      "resolved": "github:NixOS/nixpkgs/076e8c6678d8c54204abcb4b1b14c366835a58bb#direnv",
      "source": "devbox-search",
      "version": "2.36.0",
      "systems": {
        "aarch64-darwin": {
          "outputs": [
            {
              "name": "out",
              "path": "/nix/store/mm3xy1931s3xckjacxrhp1386avgaap3-direnv-2.36.0",
              "default": true
            }
          ],
          "store_path": "/nix/store/mm3xy1931s3xckjacxrhp1386avgaap3-direnv-2.36.0"
        },
        "aarch64-linux": {
          "outputs": [
            {
              "name": "out",
              "path": "/nix/store/vcpic6dvsjirmmbvxp8gy4za2zv3ilxs-direnv-2.36.0",
              "default": true
            }
          ],
          "store_path": "/nix/store/vcpic6dvsjirmmbvxp8gy4za2zv3ilxs-direnv-2.36.0"
        },
        "x86_64-darwin": {
          "outputs": [
            {
              "name": "out",
              "path": "/nix/store/466nkm54y3m7c933jrbyaszrm9viyxda-direnv-2.36.0",
              "default": true
            }
          ],
          "store_path": "/nix/store/466nkm54y3m7c933jrbyaszrm9viyxda-direnv-2.36.0"
        },
        "x86_64-linux": {
          "outputs": [
            {
              "name": "out",
              "path": "/nix/store/vip71i9w458y607adcja01ik8lbq5n4g-direnv-2.36.0",
              "default": true
            }
          ],
          "store_path": "/nix/store/vip71i9w458y607adcja01ik8lbq5n4g-direnv-2.36.0"
        }
      }
    },
    "github:NixOS/nixpkgs/nixpkgs-unstable": {
      "last_modified": "2025-06-18T03:01:18Z",
      "resolved": "github:NixOS/nixpkgs/5395fb3ab3f97b9b7abca147249fa2e8ed27b192?lastModified=1750215678&narHash=sha256-Rc%2FytpamXRf6z8UA2SGa4aaWxUXRbX2MAWIu2C8M%2Bok%3D"
    },
    "overmind@latest": {
      "last_modified": "2025-06-20T02:24:11Z",
      "resolved": "github:NixOS/nixpkgs/076e8c6678d8c54204abcb4b1b14c366835a58bb#overmind",
      "source": "devbox-search",
      "version": "2.5.1",
      "systems": {
        "aarch64-darwin": {
          "outputs": [
            {
              "name": "out",
              "path": "/nix/store/d4ssx3j32dsiqbcpws2rg7pfjjhfyzb5-overmind-2.5.1",
              "default": true
            }
          ],
          "store_path": "/nix/store/d4ssx3j32dsiqbcpws2rg7pfjjhfyzb5-overmind-2.5.1"
        },
        "aarch64-linux": {
          "outputs": [
            {
              "name": "out",
              "path": "/nix/store/h7nl91l6n64mb5cs0mwdrs9zpm3vq72f-overmind-2.5.1",
              "default": true
            }
          ],
          "store_path": "/nix/store/h7nl91l6n64mb5cs0mwdrs9zpm3vq72f-overmind-2.5.1"
        },
        "x86_64-darwin": {
          "outputs": [
            {
              "name": "out",
              "path": "/nix/store/ihp3cpap24qm37dlh5m1ap77ya1dj5bs-overmind-2.5.1",
              "default": true
            }
          ],
          "store_path": "/nix/store/ihp3cpap24qm37dlh5m1ap77ya1dj5bs-overmind-2.5.1"
        },
        "x86_64-linux": {
          "outputs": [
            {
              "name": "out",
              "path": "/nix/store/mag0mh1i9pqrhqd2031z8si6yrixzgas-overmind-2.5.1",
              "default": true
            }
          ],
          "store_path": "/nix/store/mag0mh1i9pqrhqd2031z8si6yrixzgas-overmind-2.5.1"
        }
      }
    },
    "pixi@latest": {
      "last_modified": "2025-06-22T15:15:55Z",
      "resolved": "github:NixOS/nixpkgs/3078b9a9e75f1790e6d6ef9955fdc6a2d1740cc6#pixi",
      "source": "devbox-search",
      "version": "0.48.2",
      "systems": {
        "aarch64-darwin": {
          "outputs": [
            {
              "name": "out",
              "path": "/nix/store/kbrfqgkr5y8y13kcr1s45j6h740lyfph-pixi-0.48.2",
              "default": true
            }
          ],
          "store_path": "/nix/store/kbrfqgkr5y8y13kcr1s45j6h740lyfph-pixi-0.48.2"
        },
        "aarch64-linux": {
          "outputs": [
            {
              "name": "out",
              "path": "/nix/store/fh8dvshdvcmhyk8zn3mn70clm3j3j3rb-pixi-0.48.2",
              "default": true
            }
          ],
          "store_path": "/nix/store/fh8dvshdvcmhyk8zn3mn70clm3j3j3rb-pixi-0.48.2"
        },
        "x86_64-darwin": {
          "outputs": [
            {
              "name": "out",
              "path": "/nix/store/if076iqg6hb0fcrhbf8c7m6v93gzghln-pixi-0.48.2",
              "default": true
            }
          ],
          "store_path": "/nix/store/if076iqg6hb0fcrhbf8c7m6v93gzghln-pixi-0.48.2"
        },
        "x86_64-linux": {
          "outputs": [
            {
              "name": "out",
              "path": "/nix/store/1jb9176jlhlw9fa6sv8azwm4pgcqn7yc-pixi-0.48.2",
              "default": true
            }
          ],
          "store_path": "/nix/store/1jb9176jlhlw9fa6sv8azwm4pgcqn7yc-pixi-0.48.2"
        }
      }
    },
    "postgresql@16.5": {
      "last_modified": "2024-12-22T08:27:48Z",
      "resolved": "github:NixOS/nixpkgs/93ff48c9be84a76319dac293733df09bbbe3f25c#postgresql",
      "source": "devbox-search",
      "version": "16.5",
      "systems": {
        "aarch64-darwin": {
          "outputs": [
            {
              "name": "out",
              "path": "/nix/store/6l498xrh9z690js5zmd3p2ps0r00ri9p-postgresql-16.5",
              "default": true
            },
            {
              "name": "man",
              "path": "/nix/store/5yiw867cz810zi0z2yg5y794w2sy8kzq-postgresql-16.5-man",
              "default": true
            },
            {
              "name": "lib",
              "path": "/nix/store/c3a1ij8vyxv5fyg7qp6la2mn54jn84sn-postgresql-16.5-lib"
            },
            {
              "name": "dev",
              "path": "/nix/store/9mc2nq9m18x0l7c1gyasp064cf2894vx-postgresql-16.5-dev"
            },
            {
              "name": "doc",
              "path": "/nix/store/lxqw2xsh0vm11rcz5wayhskb8w9wjlih-postgresql-16.5-doc"
            }
          ],
          "store_path": "/nix/store/6l498xrh9z690js5zmd3p2ps0r00ri9p-postgresql-16.5"
        },
        "aarch64-linux": {
          "outputs": [
            {
              "name": "out",
              "path": "/nix/store/vjcavy1l0s1l0frjag900239cpmvj17f-postgresql-16.5",
              "default": true
            },
            {
              "name": "man",
              "path": "/nix/store/4l4a2044a6mb79sm46679ifappmj8vgc-postgresql-16.5-man",
              "default": true
            },
            {
              "name": "doc",
              "path": "/nix/store/1sa3z90r6hrcfsd4hy4rxbwzbw6aa4p6-postgresql-16.5-doc"
            },
            {
              "name": "lib",
              "path": "/nix/store/gr06jpjpxzqkpyyhg1f7v9mmy1f9qzgp-postgresql-16.5-lib"
            },
            {
              "name": "debug",
              "path": "/nix/store/zlw8cxkzf9a43mmplsp88dbjy8adbjkx-postgresql-16.5-debug"
            },
            {
              "name": "dev",
              "path": "/nix/store/8mbabq6zp86a1gm2nf109pa1dvgp8s02-postgresql-16.5-dev"
            }
          ],
          "store_path": "/nix/store/vjcavy1l0s1l0frjag900239cpmvj17f-postgresql-16.5"
        },
        "x86_64-darwin": {
          "outputs": [
            {
              "name": "out",
              "path": "/nix/store/808d9axcd5q934lsi3l5v3x8phks9wc4-postgresql-16.5",
              "default": true
            },
            {
              "name": "man",
              "path": "/nix/store/8njx7dcc3gj9j46cn5lfc8knd52hvl7k-postgresql-16.5-man",
              "default": true
            },
            {
              "name": "dev",
              "path": "/nix/store/pn22i14qpv3yxmaacd5yfcqxpqm3grlq-postgresql-16.5-dev"
            },
            {
              "name": "doc",
              "path": "/nix/store/kd05cfbhaiiihdx6kkrjdyrywgjzfnqj-postgresql-16.5-doc"
            },
            {
              "name": "lib",
              "path": "/nix/store/1gnp8q95nfjna56sllv66jbf6hshi6bd-postgresql-16.5-lib"
            }
          ],
          "store_path": "/nix/store/808d9axcd5q934lsi3l5v3x8phks9wc4-postgresql-16.5"
        },
        "x86_64-linux": {
          "outputs": [
            {
              "name": "out",
              "path": "/nix/store/0z5iwcvalafm3j2c5pfhllsfbxrbyzf4-postgresql-16.5",
              "default": true
            },
            {
              "name": "man",
              "path": "/nix/store/0q9yki1d9czy7i7mly8gy3ffjvc3hkqv-postgresql-16.5-man",
              "default": true
            },
            {
              "name": "debug",
              "path": "/nix/store/zvysixjns32iz6qlkr8s5b70cw50l0qy-postgresql-16.5-debug"
            },
            {
              "name": "dev",
              "path": "/nix/store/207n898zbi7mb5scjaf532v78c3rll9f-postgresql-16.5-dev"
            },
            {
              "name": "doc",
              "path": "/nix/store/7ip3havx020h3527y7cqdl8l39p3g67b-postgresql-16.5-doc"
            },
            {
              "name": "lib",
              "path": "/nix/store/qi2zbhdnzdci7i0a6g64mbkk8wnzznlh-postgresql-16.5-lib"
            }
          ],
          "store_path": "/nix/store/0z5iwcvalafm3j2c5pfhllsfbxrbyzf4-postgresql-16.5"
        }
      }
    }
  }
}
